
Microsoft Visual Studio Solution File, Format Version 12.00
# Visual Studio Version 17
VisualStudioVersion = 17.8.34408.163
MinimumVisualStudioVersion = 10.0.40219.1
Project("{FAE04EC0-301F-11D3-BF4B-00C04F79EFBC}") = "PMS.API", "PMS.API\PMS.API.csproj", "{CF4FD309-9BC1-4CDE-B1EF-9A0D0A30A573}"
EndProject
Global
	GlobalSection(SolutionConfigurationPlatforms) = preSolution
		Debug|Any CPU = Debug|Any CPU
		Release|Any CPU = Release|Any CPU
	EndGlobalSection
	GlobalSection(ProjectConfigurationPlatforms) = postSolution
		{CF4FD309-9BC1-4CDE-B1EF-9A0D0A30A573}.Debug|Any CPU.ActiveCfg = Debug|Any CPU
		{CF4FD309-9BC1-4CDE-B1EF-9A0D0A30A573}.Debug|Any CPU.Build.0 = Debug|Any CPU
		{CF4FD309-9BC1-4CDE-B1EF-9A0D0A30A573}.Release|Any CPU.ActiveCfg = Release|Any CPU
		{CF4FD309-9BC1-4CDE-B1EF-9A0D0A30A573}.Release|Any CPU.Build.0 = Release|Any CPU
	EndGlobalSection
	GlobalSection(SolutionProperties) = preSolution
		HideSolutionNode = FALSE
	EndGlobalSection
	GlobalSection(ExtensibilityGlobals) = postSolution
		SolutionGuid = {93AED228-FE38-4529-BC67-92A75FC8DB58}
	EndGlobalSection
EndGlobal
